// !$*UTF8*$!
{
	archiveVersion = 1;
	classes = {
	};
	objectVersion = 50;
	objects = {

/* Begin PBXBuildFile section */
		2439305F22F2A7180034EF39 /* UdacityAPIClient.swift in Sources */ = {isa = PBXBuildFile; fileRef = 2439305E22F2A7180034EF39 /* UdacityAPIClient.swift */; };
		2439306122F2B8A40034EF39 /* LoginOutput.swift in Sources */ = {isa = PBXBuildFile; fileRef = 2439306022F2B8A40034EF39 /* LoginOutput.swift */; };
		2439306322F2B8C70034EF39 /* Account.swift in Sources */ = {isa = PBXBuildFile; fileRef = 2439306222F2B8C70034EF39 /* Account.swift */; };
		2439306522F2B9010034EF39 /* UserSession.swift in Sources */ = {isa = PBXBuildFile; fileRef = 2439306422F2B9010034EF39 /* UserSession.swift */; };
		2439306F22F400460034EF39 /* StudentLocationsCell.swift in Sources */ = {isa = PBXBuildFile; fileRef = 2439306E22F400460034EF39 /* StudentLocationsCell.swift */; };
		2439307322F407B10034EF39 /* StudentLocationTableViewController.swift in Sources */ = {isa = PBXBuildFile; fileRef = 2439307222F407B10034EF39 /* StudentLocationTableViewController.swift */; };
		2439307522F408090034EF39 /* StudentLocationMapViewController.swift in Sources */ = {isa = PBXBuildFile; fileRef = 2439307422F408090034EF39 /* StudentLocationMapViewController.swift */; };
		2439307722F40D650034EF39 /* NavBarExtension.swift in Sources */ = {isa = PBXBuildFile; fileRef = 2439307622F40D650034EF39 /* NavBarExtension.swift */; };
		2439307922F417350034EF39 /* StudentList.swift in Sources */ = {isa = PBXBuildFile; fileRef = 2439307822F417350034EF39 /* StudentList.swift */; };
		2439307B22F41B2D0034EF39 /* UIViewControllerExtension.swift in Sources */ = {isa = PBXBuildFile; fileRef = 2439307A22F41B2D0034EF39 /* UIViewControllerExtension.swift */; };
		2439307D22F49D5D0034EF39 /* AddLocationViewController.swift in Sources */ = {isa = PBXBuildFile; fileRef = 2439307C22F49D5D0034EF39 /* AddLocationViewController.swift */; };
		2439307F22F5E4CB0034EF39 /* MapViewController.swift in Sources */ = {isa = PBXBuildFile; fileRef = 2439307E22F5E4CB0034EF39 /* MapViewController.swift */; };
		2439308122F6471D0034EF39 /* StudentDetails.swift in Sources */ = {isa = PBXBuildFile; fileRef = 2439308022F6471D0034EF39 /* StudentDetails.swift */; };
		2439308322F647BF0034EF39 /* StudentProfile.swift in Sources */ = {isa = PBXBuildFile; fileRef = 2439308222F647BF0034EF39 /* StudentProfile.swift */; };
		2439308522F675510034EF39 /* StudentLocationPostResponse.swift in Sources */ = {isa = PBXBuildFile; fileRef = 2439308422F675510034EF39 /* StudentLocationPostResponse.swift */; };
		2439308922F76E470034EF39 /* UdacityEndPoints.swift in Sources */ = {isa = PBXBuildFile; fileRef = 2439308822F76E470034EF39 /* UdacityEndPoints.swift */; };
		247B70D622F1565600D6FEDD /* AppDelegate.swift in Sources */ = {isa = PBXBuildFile; fileRef = 247B70D522F1565600D6FEDD /* AppDelegate.swift */; };
		247B70D822F1565600D6FEDD /* LoginViewController.swift in Sources */ = {isa = PBXBuildFile; fileRef = 247B70D722F1565600D6FEDD /* LoginViewController.swift */; };
		247B70DB22F1565600D6FEDD /* Main.storyboard in Resources */ = {isa = PBXBuildFile; fileRef = 247B70D922F1565600D6FEDD /* Main.storyboard */; };
		247B70DD22F1565C00D6FEDD /* Assets.xcassets in Resources */ = {isa = PBXBuildFile; fileRef = 247B70DC22F1565C00D6FEDD /* Assets.xcassets */; };
		247B70E022F1565C00D6FEDD /* LaunchScreen.storyboard in Resources */ = {isa = PBXBuildFile; fileRef = 247B70DE22F1565C00D6FEDD /* LaunchScreen.storyboard */; };
/* End PBXBuildFile section */

/* Begin PBXFileReference section */
		2439305E22F2A7180034EF39 /* UdacityAPIClient.swift */ = {isa = PBXFileReference; lastKnownFileType = sourcecode.swift; path = UdacityAPIClient.swift; sourceTree = "<group>"; };
		2439306022F2B8A40034EF39 /* LoginOutput.swift */ = {isa = PBXFileReference; lastKnownFileType = sourcecode.swift; path = LoginOutput.swift; sourceTree = "<group>"; };
		2439306222F2B8C70034EF39 /* Account.swift */ = {isa = PBXFileReference; lastKnownFileType = sourcecode.swift; path = Account.swift; sourceTree = "<group>"; };
		2439306422F2B9010034EF39 /* UserSession.swift */ = {isa = PBXFileReference; lastKnownFileType = sourcecode.swift; path = UserSession.swift; sourceTree = "<group>"; };
		2439306E22F400460034EF39 /* StudentLocationsCell.swift */ = {isa = PBXFileReference; lastKnownFileType = sourcecode.swift; path = StudentLocationsCell.swift; sourceTree = "<group>"; };
		2439307222F407B10034EF39 /* StudentLocationTableViewController.swift */ = {isa = PBXFileReference; lastKnownFileType = sourcecode.swift; path = StudentLocationTableViewController.swift; sourceTree = "<group>"; };
		2439307422F408090034EF39 /* StudentLocationMapViewController.swift */ = {isa = PBXFileReference; lastKnownFileType = sourcecode.swift; path = StudentLocationMapViewController.swift; sourceTree = "<group>"; };
		2439307622F40D650034EF39 /* NavBarExtension.swift */ = {isa = PBXFileReference; lastKnownFileType = sourcecode.swift; path = NavBarExtension.swift; sourceTree = "<group>"; };
		2439307822F417350034EF39 /* StudentList.swift */ = {isa = PBXFileReference; lastKnownFileType = sourcecode.swift; path = StudentList.swift; sourceTree = "<group>"; };
		2439307A22F41B2D0034EF39 /* UIViewControllerExtension.swift */ = {isa = PBXFileReference; lastKnownFileType = sourcecode.swift; path = UIViewControllerExtension.swift; sourceTree = "<group>"; };
		2439307C22F49D5D0034EF39 /* AddLocationViewController.swift */ = {isa = PBXFileReference; lastKnownFileType = sourcecode.swift; path = AddLocationViewController.swift; sourceTree = "<group>"; };
		2439307E22F5E4CB0034EF39 /* MapViewController.swift */ = {isa = PBXFileReference; lastKnownFileType = sourcecode.swift; path = MapViewController.swift; sourceTree = "<group>"; };
		2439308022F6471D0034EF39 /* StudentDetails.swift */ = {isa = PBXFileReference; lastKnownFileType = sourcecode.swift; path = StudentDetails.swift; sourceTree = "<group>"; };
		2439308222F647BF0034EF39 /* StudentProfile.swift */ = {isa = PBXFileReference; lastKnownFileType = sourcecode.swift; path = StudentProfile.swift; sourceTree = "<group>"; };
		2439308422F675510034EF39 /* StudentLocationPostResponse.swift */ = {isa = PBXFileReference; lastKnownFileType = sourcecode.swift; path = StudentLocationPostResponse.swift; sourceTree = "<group>"; };
		2439308822F76E470034EF39 /* UdacityEndPoints.swift */ = {isa = PBXFileReference; lastKnownFileType = sourcecode.swift; path = UdacityEndPoints.swift; sourceTree = "<group>"; };
		247B70D222F1565600D6FEDD /* OnTheMap_MyProject.app */ = {isa = PBXFileReference; explicitFileType = wrapper.application; includeInIndex = 0; path = OnTheMap_MyProject.app; sourceTree = BUILT_PRODUCTS_DIR; };
		247B70D522F1565600D6FEDD /* AppDelegate.swift */ = {isa = PBXFileReference; lastKnownFileType = sourcecode.swift; path = AppDelegate.swift; sourceTree = "<group>"; };
		247B70D722F1565600D6FEDD /* LoginViewController.swift */ = {isa = PBXFileReference; lastKnownFileType = sourcecode.swift; path = LoginViewController.swift; sourceTree = "<group>"; };
		247B70DA22F1565600D6FEDD /* Base */ = {isa = PBXFileReference; lastKnownFileType = file.storyboard; name = Base; path = Base.lproj/Main.storyboard; sourceTree = "<group>"; };
		247B70DC22F1565C00D6FEDD /* Assets.xcassets */ = {isa = PBXFileReference; lastKnownFileType = folder.assetcatalog; path = Assets.xcassets; sourceTree = "<group>"; };
		247B70DF22F1565C00D6FEDD /* Base */ = {isa = PBXFileReference; lastKnownFileType = file.storyboard; name = Base; path = Base.lproj/LaunchScreen.storyboard; sourceTree = "<group>"; };
		247B70E122F1565C00D6FEDD /* Info.plist */ = {isa = PBXFileReference; lastKnownFileType = text.plist.xml; path = Info.plist; sourceTree = "<group>"; };
/* End PBXFileReference section */

/* Begin PBXFrameworksBuildPhase section */
		247B70CF22F1565600D6FEDD /* Frameworks */ = {
			isa = PBXFrameworksBuildPhase;
			buildActionMask = 2147483647;
			files = (
			);
			runOnlyForDeploymentPostprocessing = 0;
		};
/* End PBXFrameworksBuildPhase section */

/* Begin PBXGroup section */
		2439305922F2A6B60034EF39 /* Model */ = {
			isa = PBXGroup;
			children = (
				2439305D22F2A6E10034EF39 /* Response */,
				2439305B22F2A6D60034EF39 /* Client */,
				2439305A22F2A6BF0034EF39 /* Data */,
			);
			path = Model;
			sourceTree = "<group>";
		};
		2439305A22F2A6BF0034EF39 /* Data */ = {
			isa = PBXGroup;
			children = (
			);
			path = Data;
			sourceTree = "<group>";
		};
		2439305B22F2A6D60034EF39 /* Client */ = {
			isa = PBXGroup;
			children = (
				2439305E22F2A7180034EF39 /* UdacityAPIClient.swift */,
				2439308822F76E470034EF39 /* UdacityEndPoints.swift */,
			);
			path = Client;
			sourceTree = "<group>";
		};
		2439305D22F2A6E10034EF39 /* Response */ = {
			isa = PBXGroup;
			children = (
				2439306022F2B8A40034EF39 /* LoginOutput.swift */,
				2439306222F2B8C70034EF39 /* Account.swift */,
				2439306422F2B9010034EF39 /* UserSession.swift */,
				2439307822F417350034EF39 /* StudentList.swift */,
				2439308022F6471D0034EF39 /* StudentDetails.swift */,
				2439308222F647BF0034EF39 /* StudentProfile.swift */,
				2439308422F675510034EF39 /* StudentLocationPostResponse.swift */,
			);
			path = Response;
			sourceTree = "<group>";
		};
		247B70C922F1565600D6FEDD = {
			isa = PBXGroup;
			children = (
				2439305922F2A6B60034EF39 /* Model */,
				247B70D422F1565600D6FEDD /* OnTheMap_MyProject */,
				247B70D322F1565600D6FEDD /* Products */,
			);
			sourceTree = "<group>";
		};
		247B70D322F1565600D6FEDD /* Products */ = {
			isa = PBXGroup;
			children = (
				247B70D222F1565600D6FEDD /* OnTheMap_MyProject.app */,
			);
			name = Products;
			sourceTree = "<group>";
		};
		247B70D422F1565600D6FEDD /* OnTheMap_MyProject */ = {
			isa = PBXGroup;
			children = (
				247B70E122F1565C00D6FEDD /* Info.plist */,
				247B70D522F1565600D6FEDD /* AppDelegate.swift */,
				247B70E822F156A300D6FEDD /* Controller */,
				247B70E722F1569400D6FEDD /* Assets */,
			);
			path = OnTheMap_MyProject;
			sourceTree = "<group>";
		};
		247B70E722F1569400D6FEDD /* Assets */ = {
			isa = PBXGroup;
			children = (
				247B70D922F1565600D6FEDD /* Main.storyboard */,
				247B70DC22F1565C00D6FEDD /* Assets.xcassets */,
				247B70DE22F1565C00D6FEDD /* LaunchScreen.storyboard */,
			);
			path = Assets;
			sourceTree = "<group>";
		};
		247B70E822F156A300D6FEDD /* Controller */ = {
			isa = PBXGroup;
			children = (
				247B70D722F1565600D6FEDD /* LoginViewController.swift */,
				2439306E22F400460034EF39 /* StudentLocationsCell.swift */,
				2439307222F407B10034EF39 /* StudentLocationTableViewController.swift */,
				2439307422F408090034EF39 /* StudentLocationMapViewController.swift */,
				2439307622F40D650034EF39 /* NavBarExtension.swift */,
				2439307A22F41B2D0034EF39 /* UIViewControllerExtension.swift */,
				2439307C22F49D5D0034EF39 /* AddLocationViewController.swift */,
				2439307E22F5E4CB0034EF39 /* MapViewController.swift */,
			);
			path = Controller;
			sourceTree = "<group>";
		};
/* End PBXGroup section */

/* Begin PBXNativeTarget section */
		247B70D122F1565600D6FEDD /* OnTheMap_MyProject */ = {
			isa = PBXNativeTarget;
			buildConfigurationList = 247B70E422F1565C00D6FEDD /* Build configuration list for PBXNativeTarget "OnTheMap_MyProject" */;
			buildPhases = (
				247B70CE22F1565600D6FEDD /* Sources */,
				247B70CF22F1565600D6FEDD /* Frameworks */,
				247B70D022F1565600D6FEDD /* Resources */,
			);
			buildRules = (
			);
			dependencies = (
			);
			name = OnTheMap_MyProject;
			productName = OnTheMap_MyProject;
			productReference = 247B70D222F1565600D6FEDD /* OnTheMap_MyProject.app */;
			productType = "com.apple.product-type.application";
		};
/* End PBXNativeTarget section */

/* Begin PBXProject section */
		247B70CA22F1565600D6FEDD /* Project object */ = {
			isa = PBXProject;
			attributes = {
				LastSwiftUpdateCheck = 1010;
				LastUpgradeCheck = 1010;
				ORGANIZATIONNAME = "Pranay Boggarapu";
				TargetAttributes = {
					247B70D122F1565600D6FEDD = {
						CreatedOnToolsVersion = 10.1;
					};
				};
			};
			buildConfigurationList = 247B70CD22F1565600D6FEDD /* Build configuration list for PBXProject "OnTheMap_MyProject" */;
			compatibilityVersion = "Xcode 9.3";
			developmentRegion = en;
			hasScannedForEncodings = 0;
			knownRegions = (
				en,
				Base,
			);
			mainGroup = 247B70C922F1565600D6FEDD;
			productRefGroup = 247B70D322F1565600D6FEDD /* Products */;
			projectDirPath = "";
			projectRoot = "";
			targets = (
				247B70D122F1565600D6FEDD /* OnTheMap_MyProject */,
			);
		};
/* End PBXProject section */

/* Begin PBXResourcesBuildPhase section */
		247B70D022F1565600D6FEDD /* Resources */ = {
			isa = PBXResourcesBuildPhase;
			buildActionMask = 2147483647;
			files = (
				247B70E022F1565C00D6FEDD /* LaunchScreen.storyboard in Resources */,
				247B70DD22F1565C00D6FEDD /* Assets.xcassets in Resources */,
				247B70DB22F1565600D6FEDD /* Main.storyboard in Resources */,
			);
			runOnlyForDeploymentPostprocessing = 0;
		};
/* End PBXResourcesBuildPhase section */

/* Begin PBXSourcesBuildPhase section */
		247B70CE22F1565600D6FEDD /* Sources */ = {
			isa = PBXSourcesBuildPhase;
			buildActionMask = 2147483647;
			files = (
				2439308922F76E470034EF39 /* UdacityEndPoints.swift in Sources */,
				2439306322F2B8C70034EF39 /* Account.swift in Sources */,
				2439307522F408090034EF39 /* StudentLocationMapViewController.swift in Sources */,
				2439307922F417350034EF39 /* StudentList.swift in Sources */,
				2439306F22F400460034EF39 /* StudentLocationsCell.swift in Sources */,
				247B70D822F1565600D6FEDD /* LoginViewController.swift in Sources */,
				2439307D22F49D5D0034EF39 /* AddLocationViewController.swift in Sources */,
				2439308522F675510034EF39 /* StudentLocationPostResponse.swift in Sources */,
				247B70D622F1565600D6FEDD /* AppDelegate.swift in Sources */,
				2439308322F647BF0034EF39 /* StudentProfile.swift in Sources */,
				2439307322F407B10034EF39 /* StudentLocationTableViewController.swift in Sources */,
				2439308122F6471D0034EF39 /* StudentDetails.swift in Sources */,
				2439306522F2B9010034EF39 /* UserSession.swift in Sources */,
				2439307B22F41B2D0034EF39 /* UIViewControllerExtension.swift in Sources */,
				2439306122F2B8A40034EF39 /* LoginOutput.swift in Sources */,
				2439305F22F2A7180034EF39 /* UdacityAPIClient.swift in Sources */,
				2439307722F40D650034EF39 /* NavBarExtension.swift in Sources */,
				2439307F22F5E4CB0034EF39 /* MapViewController.swift in Sources */,
			);
			runOnlyForDeploymentPostprocessing = 0;
		};
/* End PBXSourcesBuildPhase section */

/* Begin PBXVariantGroup section */
		247B70D922F1565600D6FEDD /* Main.storyboard */ = {
			isa = PBXVariantGroup;
			children = (
				247B70DA22F1565600D6FEDD /* Base */,
			);
			name = Main.storyboard;
			sourceTree = "<group>";
		};
		247B70DE22F1565C00D6FEDD /* LaunchScreen.storyboard */ = {
			isa = PBXVariantGroup;
			children = (
				247B70DF22F1565C00D6FEDD /* Base */,
			);
			name = LaunchScreen.storyboard;
			sourceTree = "<group>";
		};
/* End PBXVariantGroup section */

/* Begin XCBuildConfiguration section */
		247B70E222F1565C00D6FEDD /* Debug */ = {
			isa = XCBuildConfiguration;
			buildSettings = {
				ALWAYS_SEARCH_USER_PATHS = NO;
				CLANG_ANALYZER_NONNULL = YES;
				CLANG_ANALYZER_NUMBER_OBJECT_CONVERSION = YES_AGGRESSIVE;
				CLANG_CXX_LANGUAGE_STANDARD = "gnu++14";
				CLANG_CXX_LIBRARY = "libc++";
				CLANG_ENABLE_MODULES = YES;
				CLANG_ENABLE_OBJC_ARC = YES;
				CLANG_ENABLE_OBJC_WEAK = YES;
				CLANG_WARN_BLOCK_CAPTURE_AUTORELEASING = YES;
				CLANG_WARN_BOOL_CONVERSION = YES;
				CLANG_WARN_COMMA = YES;
				CLANG_WARN_CONSTANT_CONVERSION = YES;
				CLANG_WARN_DEPRECATED_OBJC_IMPLEMENTATIONS = YES;
				CLANG_WARN_DIRECT_OBJC_ISA_USAGE = YES_ERROR;
				CLANG_WARN_DOCUMENTATION_COMMENTS = YES;
				CLANG_WARN_EMPTY_BODY = YES;
				CLANG_WARN_ENUM_CONVERSION = YES;
				CLANG_WARN_INFINITE_RECURSION = YES;
				CLANG_WARN_INT_CONVERSION = YES;
				CLANG_WARN_NON_LITERAL_NULL_CONVERSION = YES;
				CLANG_WARN_OBJC_IMPLICIT_RETAIN_SELF = YES;
				CLANG_WARN_OBJC_LITERAL_CONVERSION = YES;
				CLANG_WARN_OBJC_ROOT_CLASS = YES_ERROR;
				CLANG_WARN_RANGE_LOOP_ANALYSIS = YES;
				CLANG_WARN_STRICT_PROTOTYPES = YES;
				CLANG_WARN_SUSPICIOUS_MOVE = YES;
				CLANG_WARN_UNGUARDED_AVAILABILITY = YES_AGGRESSIVE;
				CLANG_WARN_UNREACHABLE_CODE = YES;
				CLANG_WARN__DUPLICATE_METHOD_MATCH = YES;
				CODE_SIGN_IDENTITY = "iPhone Developer";
				COPY_PHASE_STRIP = NO;
				DEBUG_INFORMATION_FORMAT = dwarf;
				ENABLE_STRICT_OBJC_MSGSEND = YES;
				ENABLE_TESTABILITY = YES;
				GCC_C_LANGUAGE_STANDARD = gnu11;
				GCC_DYNAMIC_NO_PIC = NO;
				GCC_NO_COMMON_BLOCKS = YES;
				GCC_OPTIMIZATION_LEVEL = 0;
				GCC_PREPROCESSOR_DEFINITIONS = (
					"DEBUG=1",
					"$(inherited)",
				);
				GCC_WARN_64_TO_32_BIT_CONVERSION = YES;
				GCC_WARN_ABOUT_RETURN_TYPE = YES_ERROR;
				GCC_WARN_UNDECLARED_SELECTOR = YES;
				GCC_WARN_UNINITIALIZED_AUTOS = YES_AGGRESSIVE;
				GCC_WARN_UNUSED_FUNCTION = YES;
				GCC_WARN_UNUSED_VARIABLE = YES;
				IPHONEOS_DEPLOYMENT_TARGET = 12.1;
				MTL_ENABLE_DEBUG_INFO = INCLUDE_SOURCE;
				MTL_FAST_MATH = YES;
				ONLY_ACTIVE_ARCH = YES;
				SDKROOT = iphoneos;
				SWIFT_ACTIVE_COMPILATION_CONDITIONS = DEBUG;
				SWIFT_OPTIMIZATION_LEVEL = "-Onone";
			};
			name = Debug;
		};
		247B70E322F1565C00D6FEDD /* Release */ = {
			isa = XCBuildConfiguration;
			buildSettings = {
				ALWAYS_SEARCH_USER_PATHS = NO;
				CLANG_ANALYZER_NONNULL = YES;
				CLANG_ANALYZER_NUMBER_OBJECT_CONVERSION = YES_AGGRESSIVE;
				CLANG_CXX_LANGUAGE_STANDARD = "gnu++14";
				CLANG_CXX_LIBRARY = "libc++";
				CLANG_ENABLE_MODULES = YES;
				CLANG_ENABLE_OBJC_ARC = YES;
				CLANG_ENABLE_OBJC_WEAK = YES;
				CLANG_WARN_BLOCK_CAPTURE_AUTORELEASING = YES;
				CLANG_WARN_BOOL_CONVERSION = YES;
				CLANG_WARN_COMMA = YES;
				CLANG_WARN_CONSTANT_CONVERSION = YES;
				CLANG_WARN_DEPRECATED_OBJC_IMPLEMENTATIONS = YES;
				CLANG_WARN_DIRECT_OBJC_ISA_USAGE = YES_ERROR;
				CLANG_WARN_DOCUMENTATION_COMMENTS = YES;
				CLANG_WARN_EMPTY_BODY = YES;
				CLANG_WARN_ENUM_CONVERSION = YES;
				CLANG_WARN_INFINITE_RECURSION = YES;
				CLANG_WARN_INT_CONVERSION = YES;
				CLANG_WARN_NON_LITERAL_NULL_CONVERSION = YES;
				CLANG_WARN_OBJC_IMPLICIT_RETAIN_SELF = YES;
				CLANG_WARN_OBJC_LITERAL_CONVERSION = YES;
				CLANG_WARN_OBJC_ROOT_CLASS = YES_ERROR;
				CLANG_WARN_RANGE_LOOP_ANALYSIS = YES;
				CLANG_WARN_STRICT_PROTOTYPES = YES;
				CLANG_WARN_SUSPICIOUS_MOVE = YES;
				CLANG_WARN_UNGUARDED_AVAILABILITY = YES_AGGRESSIVE;
				CLANG_WARN_UNREACHABLE_CODE = YES;
				CLANG_WARN__DUPLICATE_METHOD_MATCH = YES;
				CODE_SIGN_IDENTITY = "iPhone Developer";
				COPY_PHASE_STRIP = NO;
				DEBUG_INFORMATION_FORMAT = "dwarf-with-dsym";
				ENABLE_NS_ASSERTIONS = NO;
				ENABLE_STRICT_OBJC_MSGSEND = YES;
				GCC_C_LANGUAGE_STANDARD = gnu11;
				GCC_NO_COMMON_BLOCKS = YES;
				GCC_WARN_64_TO_32_BIT_CONVERSION = YES;
				GCC_WARN_ABOUT_RETURN_TYPE = YES_ERROR;
				GCC_WARN_UNDECLARED_SELECTOR = YES;
				GCC_WARN_UNINITIALIZED_AUTOS = YES_AGGRESSIVE;
				GCC_WARN_UNUSED_FUNCTION = YES;
				GCC_WARN_UNUSED_VARIABLE = YES;
				IPHONEOS_DEPLOYMENT_TARGET = 12.1;
				MTL_ENABLE_DEBUG_INFO = NO;
				MTL_FAST_MATH = YES;
				SDKROOT = iphoneos;
				SWIFT_COMPILATION_MODE = wholemodule;
				SWIFT_OPTIMIZATION_LEVEL = "-O";
				VALIDATE_PRODUCT = YES;
			};
			name = Release;
		};
		247B70E522F1565C00D6FEDD /* Debug */ = {
			isa = XCBuildConfiguration;
			buildSettings = {
				ASSETCATALOG_COMPILER_APPICON_NAME = AppIcon;
				CODE_SIGN_STYLE = Automatic;
				INFOPLIST_FILE = OnTheMap_MyProject/Info.plist;
				LD_RUNPATH_SEARCH_PATHS = (
					"$(inherited)",
					"@executable_path/Frameworks",
				);
				PRODUCT_BUNDLE_IDENTIFIER = "com.pranayboggarapu.OnTheMap-MyProject";
				PRODUCT_NAME = "$(TARGET_NAME)";
				SWIFT_VERSION = 4.2;
				TARGETED_DEVICE_FAMILY = "1,2";
			};
			name = Debug;
		};
		247B70E622F1565C00D6FEDD /* Release */ = {
			isa = XCBuildConfiguration;
			buildSettings = {
				ASSETCATALOG_COMPILER_APPICON_NAME = AppIcon;
				CODE_SIGN_STYLE = Automatic;
				INFOPLIST_FILE = OnTheMap_MyProject/Info.plist;
				LD_RUNPATH_SEARCH_PATHS = (
					"$(inherited)",
					"@executable_path/Frameworks",
				);
				PRODUCT_BUNDLE_IDENTIFIER = "com.pranayboggarapu.OnTheMap-MyProject";
				PRODUCT_NAME = "$(TARGET_NAME)";
				SWIFT_VERSION = 4.2;
				TARGETED_DEVICE_FAMILY = "1,2";
			};
			name = Release;
		};
/* End XCBuildConfiguration section */

/* Begin XCConfigurationList section */
		247B70CD22F1565600D6FEDD /* Build configuration list for PBXProject "OnTheMap_MyProject" */ = {
			isa = XCConfigurationList;
			buildConfigurations = (
				247B70E222F1565C00D6FEDD /* Debug */,
				247B70E322F1565C00D6FEDD /* Release */,
			);
			defaultConfigurationIsVisible = 0;
			defaultConfigurationName = Release;
		};
		247B70E422F1565C00D6FEDD /* Build configuration list for PBXNativeTarget "OnTheMap_MyProject" */ = {
			isa = XCConfigurationList;
			buildConfigurations = (
				247B70E522F1565C00D6FEDD /* Debug */,
				247B70E622F1565C00D6FEDD /* Release */,
			);
			defaultConfigurationIsVisible = 0;
			defaultConfigurationName = Release;
		};
/* End XCConfigurationList section */
	};
	rootObject = 247B70CA22F1565600D6FEDD /* Project object */;
}
